<?xml version="1.0" encoding="utf-8"?>
<Project ToolsVersion="4.0" xmlns="http://schemas.microsoft.com/developer/msbuild/2003">
  <ItemGroup>
    <Filter Include="Source Files">
      <UniqueIdentifier>{4FC737F1-C7A5-4376-A066-2A32D752A2FF}</UniqueIdentifier>
      <Extensions>cpp;c;cc;cxx;c++;cppm;ixx;def;odl;idl;hpj;bat;asm;asmx</Extensions>
    </Filter>
    <Filter Include="Header Files">
      <UniqueIdentifier>{93995380-89BD-4b04-88EB-625FBE52EBFB}</UniqueIdentifier>
      <Extensions>h;hh;hpp;hxx;h++;hm;inl;inc;ipp;xsd</Extensions>
    </Filter>
    <Filter Include="Resource Files">
      <UniqueIdentifier>{67DA6AB6-F800-4c08-8B7A-83BB121AAD01}</UniqueIdentifier>
      <Extensions>rc;ico;cur;bmp;dlg;rc2;rct;bin;rgs;gif;jpg;jpeg;jpe;resx;tiff;tif;png;wav;mfcribbon-ms</Extensions>
    </Filter>
    <Filter Include="model">
      <UniqueIdentifier>{9f5bff26-1174-4f96-b181-77b8f2f59f77}</UniqueIdentifier>
    </Filter>
    <Filter Include="io">
      <UniqueIdentifier>{2c10da01-1a72-49e8-a7ad-277678a28c08}</UniqueIdentifier>
    </Filter>
    <Filter Include="input">
      <UniqueIdentifier>{41d4c95e-9b99-4572-9fc5-1b06612e821e}</UniqueIdentifier>
    </Filter>
    <Filter Include="rules">
      <UniqueIdentifier>{6e22aef6-433e-4963-8c2c-d73bb054eebc}</UniqueIdentifier>
    </Filter>
  </ItemGroup>
  <ItemGroup>
    <ClCompile Include="model\Piece.cpp">
      <Filter>model</Filter>
    </ClCompile>
    <ClCompile Include="model\Position.cpp">
      <Filter>model</Filter>
    </ClCompile>
    <ClCompile Include="test_position.cpp">
      <Filter>model</Filter>
    </ClCompile>
    <ClCompile Include="model\Board.cpp">
      <Filter>model</Filter>
    </ClCompile>
    <ClCompile Include="test_board.cpp">
      <Filter>model</Filter>
    </ClCompile>
    <ClCompile Include="BoardParser.cpp">
      <Filter>io</Filter>
    </ClCompile>
    <ClCompile Include="BoardPrinter.cpp">
      <Filter>io</Filter>
    </ClCompile>
    <ClCompile Include="main.cpp">
      <Filter>Source Files</Filter>
    </ClCompile>
    <ClCompile Include="test_BoardParser.cpp">
      <Filter>io</Filter>
    </ClCompile>
    <ClCompile Include="BoardMapper.cpp">
      <Filter>input</Filter>
    </ClCompile>
    <ClCompile Include="Controller.cpp">
      <Filter>input</Filter>
    </ClCompile>
  </ItemGroup>
  <ItemGroup>
    <ClInclude Include="model\Board.h">
      <Filter>model</Filter>
    </ClInclude>
    <ClInclude Include="model\Piece.h">
      <Filter>model</Filter>
    </ClInclude>
    <ClInclude Include="model\Position.h">
      <Filter>model</Filter>
    </ClInclude>
    <ClInclude Include="doctest.h">
      <Filter>Header Files</Filter>
    </ClInclude>
    <ClInclude Include="BoardParser.h">
      <Filter>io</Filter>
    </ClInclude>
    <ClInclude Include="BoardPrinter.h">
      <Filter>io</Filter>
    </ClInclude>
    <ClInclude Include="BoardMapper.h">
      <Filter>input</Filter>
    </ClInclude>
    <ClInclude Include="Controller.h">
      <Filter>input</Filter>
    </ClInclude>
  </ItemGroup>
</Project>