<?xml version="1.0" encoding="utf-8"?>
<Project ToolsVersion="4.0" xmlns="http://schemas.microsoft.com/developer/msbuild/2003">
  <ItemGroup>
    <Filter Include="Source Files">
      <UniqueIdentifier>{4FC737F1-C7A5-4376-A066-2A32D752A2FF}</UniqueIdentifier>
      <Extensions>cpp;c;cc;cxx;c++;cppm;ixx;def;odl;idl;hpj;bat;asm;asmx</Extensions>
    </Filter>
    <Filter Include="Header Files">
      <UniqueIdentifier>{93995380-89BD-4b04-88EB-625FBE52EBFB}</UniqueIdentifier>
      <Extensions>h;hh;hpp;hxx;h++;hm;inl;inc;ipp;xsd</Extensions>
    </Filter>
    <Filter Include="Resource Files">
      <UniqueIdentifier>{67DA6AB6-F800-4c08-8B7A-83BB121AAD01}</UniqueIdentifier>
      <Extensions>rc;ico;cur;bmp;dlg;rc2;rct;bin;rgs;gif;jpg;jpeg;jpe;resx;tiff;tif;png;wav;mfcribbon-ms</Extensions>
    </Filter>
    <Filter Include="model">
      <UniqueIdentifier>{9f5bff26-1174-4f96-b181-77b8f2f59f77}</UniqueIdentifier>
    </Filter>
    <Filter Include="io">
      <UniqueIdentifier>{2c10da01-1a72-49e8-a7ad-277678a28c08}</UniqueIdentifier>
    </Filter>
    <Filter Include="input">
      <UniqueIdentifier>{41d4c95e-9b99-4572-9fc5-1b06612e821e}</UniqueIdentifier>
    </Filter>
    <Filter Include="texttests">
      <UniqueIdentifier>{7a2b3c4d-5e6f-4a1b-9c2d-3e4f5a6b7c8d}</UniqueIdentifier>
    </Filter>
    <Filter Include="app">
      <UniqueIdentifier>{8b3c4d5e-6f7a-4b2c-9d3e-4f5a6b7c8d9e}</UniqueIdentifier>
    </Filter>
    <Filter Include="app\session">
      <UniqueIdentifier>{3b65abfa-724c-482b-b299-81c411f50448}</UniqueIdentifier>
    </Filter>
    <Filter Include="app\networking">
      <UniqueIdentifier>{e91583ff-6e01-4279-ba11-66dc90b98975}</UniqueIdentifier>
    </Filter>
    <Filter Include="app\logic">
      <UniqueIdentifier>{41413a52-d19e-4a0e-928d-3110ad0bd16c}</UniqueIdentifier>
    </Filter>
    <Filter Include="app\handlers">
      <UniqueIdentifier>{dfbce6a9-44e5-4b87-8d4e-529a951045a6}</UniqueIdentifier>
    </Filter>
    <Filter Include="net">
      <UniqueIdentifier>{29d91015-7449-4c96-bd85-f5462ab9a81d}</UniqueIdentifier>
    </Filter>
    <Filter Include="db">
      <UniqueIdentifier>{e9731dab-7e8c-422b-9538-7282ba7d7f36}</UniqueIdentifier>
    </Filter>
    <Filter Include="protocol">
      <UniqueIdentifier>{1c836b7d-0d34-491e-be13-907d466bd049}</UniqueIdentifier>
    </Filter>
    <Filter Include="bus">
      <UniqueIdentifier>{65f39567-f437-4a88-8cf7-0a2815d0ea33}</UniqueIdentifier>
    </Filter>
    <Filter Include="ThirdParty">
      <UniqueIdentifier>{70ca25eb-5e03-4dec-b467-a57c502d53da}</UniqueIdentifier>
    </Filter>
  </ItemGroup>
  <ItemGroup>
    <ClCompile Include="shared\model\Piece.cpp">
      <Filter>model</Filter>
    </ClCompile>
    <ClCompile Include="shared\model\PieceStateMachine.cpp">
      <Filter>model</Filter>
    </ClCompile>
    <ClCompile Include="test\test_PieceStateMachine.cpp">
      <Filter>model</Filter>
    </ClCompile>
    <ClCompile Include="shared\model\Position.cpp">
      <Filter>model</Filter>
    </ClCompile>
    <ClCompile Include="test\test_position.cpp">
      <Filter>model</Filter>
    </ClCompile>
    <ClCompile Include="shared\model\Board.cpp">
      <Filter>model</Filter>
    </ClCompile>
    <ClCompile Include="test\test_board.cpp">
      <Filter>model</Filter>
    </ClCompile>
    <ClCompile Include="client\app\GraphicalApplication.cpp">
      <Filter>app</Filter>
    </ClCompile>
    <ClCompile Include="client\app\HomeScreen.cpp">
      <Filter>app</Filter>
    </ClCompile>
    <ClCompile Include="client\app\LoginFlow.cpp">
      <Filter>app</Filter>
    </ClCompile>
    <ClCompile Include="server\app\session\GameSession.cpp">
      <Filter>app\session</Filter>
    </ClCompile>
    <ClCompile Include="server\app\session\SessionRegistry.cpp">
      <Filter>app\session</Filter>
    </ClCompile>
    <ClCompile Include="server\app\session\ClientSessionRegistry.cpp">
      <Filter>app\session</Filter>
    </ClCompile>
    <ClCompile Include="server\app\session\ConnectionHandler.cpp">
      <Filter>app\session</Filter>
    </ClCompile>
    <ClCompile Include="test\test_GameSession.cpp">
      <Filter>app\session</Filter>
    </ClCompile>
    <ClCompile Include="test\test_SessionRegistry.cpp">
      <Filter>app\session</Filter>
    </ClCompile>
    <ClCompile Include="test\test_ClientSessionRegistry.cpp">
      <Filter>app\session</Filter>
    </ClCompile>
    <ClCompile Include="test\test_ConnectionHandler.cpp">
      <Filter>app\session</Filter>
    </ClCompile>
    <ClCompile Include="server\app\networking\NetworkBroadcaster.cpp">
      <Filter>app\networking</Filter>
    </ClCompile>
    <ClCompile Include="server\app\networking\BroadcasterManager.cpp">
      <Filter>app\networking</Filter>
    </ClCompile>
    <ClCompile Include="test\test_NetworkBroadcaster.cpp">
      <Filter>app\networking</Filter>
    </ClCompile>
    <ClCompile Include="test\test_BroadcasterManager.cpp">
      <Filter>app\networking</Filter>
    </ClCompile>
    <ClCompile Include="server\app\logic\CommandDispatcher.cpp">
      <Filter>app\logic</Filter>
    </ClCompile>
    <ClCompile Include="server\app\logic\Matchmaker.cpp">
      <Filter>app\logic</Filter>
    </ClCompile>
    <ClCompile Include="server\app\logic\StartingBoard.cpp">
      <Filter>app\logic</Filter>
    </ClCompile>
    <ClCompile Include="server\app\handlers\LoginHandler.cpp">
      <Filter>app\handlers</Filter>
    </ClCompile>
    <ClCompile Include="server\app\handlers\CreateRoomHandler.cpp">
      <Filter>app\handlers</Filter>
    </ClCompile>
    <ClCompile Include="server\app\handlers\JoinRoomHandler.cpp">
      <Filter>app\handlers</Filter>
    </ClCompile>
    <ClCompile Include="server\app\handlers\FindGameHandler.cpp">
      <Filter>app\handlers</Filter>
    </ClCompile>
    <ClCompile Include="server\app\handlers\MessageRouter.cpp">
      <Filter>app\handlers</Filter>
    </ClCompile>
    <ClCompile Include="server\app\handlers\MessageDispatcher.cpp">
      <Filter>app\handlers</Filter>
    </ClCompile>
    <ClCompile Include="test\test_LoginHandler.cpp">
      <Filter>app\handlers</Filter>
    </ClCompile>
    <ClCompile Include="test\test_CreateRoomHandler.cpp">
      <Filter>app\handlers</Filter>
    </ClCompile>
    <ClCompile Include="test\test_JoinRoomHandler.cpp">
      <Filter>app\handlers</Filter>
    </ClCompile>
    <ClCompile Include="test\test_FindGameHandler.cpp">
      <Filter>app\handlers</Filter>
    </ClCompile>
    <ClCompile Include="test\test_MessageRouter.cpp">
      <Filter>app\handlers</Filter>
    </ClCompile>
    <ClCompile Include="test\test_MessageDispatcher.cpp">
      <Filter>app\handlers</Filter>
    </ClCompile>
    <ClCompile Include="test\test_CommandDispatcher.cpp">
      <Filter>app\logic</Filter>
    </ClCompile>
    <ClCompile Include="test\test_Matchmaker.cpp">
      <Filter>app\logic</Filter>
    </ClCompile>
    <ClCompile Include="server\net\WsServer.cpp">
      <Filter>net</Filter>
    </ClCompile>
    <ClCompile Include="client\net\WsClient.cpp">
      <Filter>net</Filter>
    </ClCompile>
    <ClCompile Include="client\net\BlockingRequest.cpp">
      <Filter>net</Filter>
    </ClCompile>
    <ClCompile Include="server\db\UserRepository.cpp">
      <Filter>db</Filter>
    </ClCompile>
    <ClCompile Include="test\test_UserRepository.cpp">
      <Filter>db</Filter>
    </ClCompile>
    <ClCompile Include="shared\protocol\MessageCodec.cpp">
      <Filter>protocol</Filter>
    </ClCompile>
    <ClCompile Include="shared\protocol\GameSnapshotCodec.cpp">
      <Filter>protocol</Filter>
    </ClCompile>
    <ClCompile Include="shared\protocol\MoveLogCodec.cpp">
      <Filter>protocol</Filter>
    </ClCompile>
    <ClCompile Include="test\test_MoveLogCodec.cpp">
      <Filter>protocol</Filter>
    </ClCompile>
    <ClCompile Include="shared\protocol\CaptureEventCodec.cpp">
      <Filter>protocol</Filter>
    </ClCompile>
    <ClCompile Include="test\test_CaptureEventCodec.cpp">
      <Filter>protocol</Filter>
    </ClCompile>
    <ClCompile Include="test\test_MessageCodec.cpp">
      <Filter>protocol</Filter>
    </ClCompile>
    <ClCompile Include="test\test_GameSnapshotCodec.cpp">
      <Filter>protocol</Filter>
    </ClCompile>
    <ClCompile Include="shared\bus\EventBus.cpp">
      <Filter>bus</Filter>
    </ClCompile>
    <ClCompile Include="test\test_EventBus.cpp">
      <Filter>bus</Filter>
    </ClCompile>
    <ClCompile Include="shared\input\ClickResolver.cpp">
      <Filter>input</Filter>
    </ClCompile>
    <ClCompile Include="test\test_ClickResolver.cpp">
      <Filter>input</Filter>
    </ClCompile>
    <ClCompile Include="test\test_HomeScreen.cpp">
      <Filter>app</Filter>
    </ClCompile>
    <ClCompile Include="client\view\assets\AnimationConfig.cpp">
      <Filter>Source Files</Filter>
    </ClCompile>
    <ClCompile Include="client\view\src\img.cpp">
      <Filter>Source Files</Filter>
    </ClCompile>
    <ClCompile Include="ThirdParty\sqlite3.c">
      <Filter>ThirdParty</Filter>
    </ClCompile>
    <ClCompile Include="test\test_BoardParser.cpp">
      <Filter>io</Filter>
    </ClCompile>
    <ClCompile Include="test\test_BoardPrinter.cpp">
      <Filter>io</Filter>
    </ClCompile>
    <ClCompile Include="server\rules\BishopRules.cpp">
      <Filter>Source Files</Filter>
    </ClCompile>
    <ClCompile Include="server\rules\KingRules.cpp">
      <Filter>Source Files</Filter>
    </ClCompile>
    <ClCompile Include="server\rules\KnightRules.cpp">
      <Filter>Source Files</Filter>
    </ClCompile>
    <ClCompile Include="server\rules\PawnRules.cpp">
      <Filter>Source Files</Filter>
    </ClCompile>
    <ClCompile Include="server\rules\PieceRules.cpp">
      <Filter>Source Files</Filter>
    </ClCompile>
    <ClCompile Include="server\rules\QueenRules.cpp">
      <Filter>Source Files</Filter>
    </ClCompile>
    <ClCompile Include="server\rules\RookRules.cpp">
      <Filter>Source Files</Filter>
    </ClCompile>
    <ClCompile Include="server\rules\SlidingPieceRules.cpp">
      <Filter>Source Files</Filter>
    </ClCompile>
    <ClCompile Include="test\test_PieceRules.cpp">
      <Filter>Source Files</Filter>
    </ClCompile>
    <ClCompile Include="client\input\Controller.cpp">
      <Filter>Source Files</Filter>
    </ClCompile>
    <ClCompile Include="server\app\logic\MoveCommand.cpp">
      <Filter>app\logic</Filter>
    </ClCompile>
    <ClCompile Include="server\app\logic\JumpCommand.cpp">
      <Filter>app\logic</Filter>
    </ClCompile>
    <ClCompile Include="client\input\BoardMapper.cpp">
      <Filter>Source Files</Filter>
    </ClCompile>
    <ClCompile Include="server\rules\rule_engine.cpp">
      <Filter>Source Files</Filter>
    </ClCompile>
    <ClCompile Include="test\test_rule_engine.cpp">
      <Filter>Source Files</Filter>
    </ClCompile>
    <ClCompile Include="server\realtime\RealTimeArbiter.cpp">
      <Filter>Source Files</Filter>
    </ClCompile>
    <ClCompile Include="server\realtime\CollisionResolver.cpp">
      <Filter>Source Files</Filter>
    </ClCompile>
    <ClCompile Include="server\realtime\ArrivalResolver.cpp">
      <Filter>Source Files</Filter>
    </ClCompile>
    <ClCompile Include="server\realtime\MotionPath.cpp">
      <Filter>Source Files</Filter>
    </ClCompile>
    <ClCompile Include="test\test_RealTimeArbiter.cpp">
      <Filter>Source Files</Filter>
    </ClCompile>
    <ClCompile Include="server\engine\GameEngine.cpp">
      <Filter>Source Files</Filter>
    </ClCompile>
    <ClCompile Include="test\test_GameEngine.cpp">
      <Filter>Source Files</Filter>
    </ClCompile>
    <ClCompile Include="server\engine\ScoreObserver.cpp">
      <Filter>Source Files</Filter>
    </ClCompile>
    <ClCompile Include="test\test_ScoreObserver.cpp">
      <Filter>Source Files</Filter>
    </ClCompile>
    <ClCompile Include="server\engine\MoveLogObserver.cpp">
      <Filter>Source Files</Filter>
    </ClCompile>
    <ClCompile Include="test\test_MoveLogObserver.cpp">
      <Filter>Source Files</Filter>
    </ClCompile>
    <ClCompile Include="server\engine\CaptureEventObserver.cpp">
      <Filter>Source Files</Filter>
    </ClCompile>
    <ClCompile Include="test\test_CaptureEventObserver.cpp">
      <Filter>Source Files</Filter>
    </ClCompile>
    <ClCompile Include="test\test_Controller.cpp">
      <Filter>Source Files</Filter>
    </ClCompile>
    <ClCompile Include="test\test_BoardMapper.cpp">
      <Filter>Source Files</Filter>
    </ClCompile>
    <ClCompile Include="test\doctest_main.cpp">
      <Filter>Source Files</Filter>
    </ClCompile>
    <ClCompile Include="server\io\BoardParser.cpp">
      <Filter>Source Files</Filter>
    </ClCompile>
    <ClCompile Include="server\io\BoardPrinter.cpp">
      <Filter>Source Files</Filter>
    </ClCompile>
    <ClCompile Include="client\view\ImageView.cpp">
      <Filter>Source Files</Filter>
    </ClCompile>
    <ClCompile Include="client\view\assets\AnimationFrameSelector.cpp">
      <Filter>Source Files</Filter>
    </ClCompile>
    <ClCompile Include="client\view\assets\AssetsRootConfig.cpp">
      <Filter>Source Files</Filter>
    </ClCompile>
    <ClCompile Include="client\view\assets\AssetPathBuilder.cpp">
      <Filter>Source Files</Filter>
    </ClCompile>
    <ClCompile Include="client\view\assets\FileImageLoader.cpp">
      <Filter>Source Files</Filter>
    </ClCompile>
    <ClCompile Include="client\view\assets\CachingImageLoader.cpp">
      <Filter>Source Files</Filter>
    </ClCompile>
    <ClCompile Include="client\view\assets\SpriteRepository.cpp">
      <Filter>Source Files</Filter>
    </ClCompile>
    <ClCompile Include="test\test_ImageView.cpp">
      <Filter>Source Files</Filter>
    </ClCompile>
    <ClCompile Include="test\test_AnimationConfig.cpp">
      <Filter>Source Files</Filter>
    </ClCompile>
    <ClCompile Include="test\test_AnimationFrameSelector.cpp">
      <Filter>Source Files</Filter>
    </ClCompile>
    <ClCompile Include="test\test_AssetPathBuilder.cpp">
      <Filter>Source Files</Filter>
    </ClCompile>
    <ClCompile Include="test\test_CollisionResolver.cpp">
      <Filter>Source Files</Filter>
    </ClCompile>
    <ClCompile Include="test\test_ArrivalResolver.cpp">
      <Filter>Source Files</Filter>
    </ClCompile>
    <ClCompile Include="test\test_SlidingPieceRules.cpp">
      <Filter>Source Files</Filter>
    </ClCompile>
    <ClCompile Include="test\test_MoveCommand.cpp">
      <Filter>Source Files</Filter>
    </ClCompile>
    <ClCompile Include="test\test_JumpCommand.cpp">
      <Filter>Source Files</Filter>
    </ClCompile>
    <ClCompile Include="test\test_integration_scripts.cpp">
      <Filter>Source Files</Filter>
    </ClCompile>
    <ClCompile Include="texttests\ScriptParser.cpp">
      <Filter>texttests</Filter>
    </ClCompile>
    <ClCompile Include="test\test_ScriptParser.cpp">
      <Filter>texttests</Filter>
    </ClCompile>
    <ClCompile Include="texttests\ScriptRunner.cpp">
      <Filter>texttests</Filter>
    </ClCompile>
    <ClCompile Include="test\test_ScriptRunner.cpp">
      <Filter>texttests</Filter>
    </ClCompile>
  </ItemGroup>
  <ItemGroup>
    <ClInclude Include="shared\model\Board.h">
      <Filter>model</Filter>
    </ClInclude>
    <ClInclude Include="shared\model\Piece.h">
      <Filter>model</Filter>
    </ClInclude>
    <ClInclude Include="shared\model\PieceStateMachine.h">
      <Filter>model</Filter>
    </ClInclude>
    <ClInclude Include="shared\model\Position.h">
      <Filter>model</Filter>
    </ClInclude>
    <ClInclude Include="doctest.h">
      <Filter>Header Files</Filter>
    </ClInclude>
    <ClInclude Include="client\app\GraphicalApplication.h">
      <Filter>app</Filter>
    </ClInclude>
    <ClInclude Include="client\app\HomeScreen.h">
      <Filter>app</Filter>
    </ClInclude>
    <ClInclude Include="client\app\LoginFlow.h">
      <Filter>app</Filter>
    </ClInclude>
    <ClInclude Include="server\app\session\GameSession.h">
      <Filter>app\session</Filter>
    </ClInclude>
    <ClInclude Include="server\app\session\SessionRegistry.h">
      <Filter>app\session</Filter>
    </ClInclude>
    <ClInclude Include="server\app\session\ClientSession.h">
      <Filter>app\session</Filter>
    </ClInclude>
    <ClInclude Include="server\app\session\ClientSessionRegistry.h">
      <Filter>app\session</Filter>
    </ClInclude>
    <ClInclude Include="server\app\session\ConnectionHandler.h">
      <Filter>app\session</Filter>
    </ClInclude>
    <ClInclude Include="server\app\networking\NetworkBroadcaster.h">
      <Filter>app\networking</Filter>
    </ClInclude>
    <ClInclude Include="server\app\networking\BroadcasterManager.h">
      <Filter>app\networking</Filter>
    </ClInclude>
    <ClInclude Include="server\app\logic\CommandDispatcher.h">
      <Filter>app\logic</Filter>
    </ClInclude>
    <ClInclude Include="server\app\logic\Matchmaker.h">
      <Filter>app\logic</Filter>
    </ClInclude>
    <ClInclude Include="server\app\logic\StartingBoard.h">
      <Filter>app\logic</Filter>
    </ClInclude>
    <ClInclude Include="server\app\session\RoleName.h">
      <Filter>app\session</Filter>
    </ClInclude>
    <ClInclude Include="server\app\handlers\IMessageHandler.h">
      <Filter>app\handlers</Filter>
    </ClInclude>
    <ClInclude Include="server\app\handlers\LoginHandler.h">
      <Filter>app\handlers</Filter>
    </ClInclude>
    <ClInclude Include="server\app\handlers\CreateRoomHandler.h">
      <Filter>app\handlers</Filter>
    </ClInclude>
    <ClInclude Include="server\app\handlers\JoinRoomHandler.h">
      <Filter>app\handlers</Filter>
    </ClInclude>
    <ClInclude Include="server\app\handlers\FindGameHandler.h">
      <Filter>app\handlers</Filter>
    </ClInclude>
    <ClInclude Include="server\app\handlers\MessageRouter.h">
      <Filter>app\handlers</Filter>
    </ClInclude>
    <ClInclude Include="server\app\handlers\MessageDispatcher.h">
      <Filter>app\handlers</Filter>
    </ClInclude>
    <ClInclude Include="server\net\WsServer.h">
      <Filter>net</Filter>
    </ClInclude>
    <ClInclude Include="client\net\WsClient.h">
      <Filter>net</Filter>
    </ClInclude>
    <ClInclude Include="client\net\BlockingRequest.h">
      <Filter>net</Filter>
    </ClInclude>
    <ClInclude Include="server\db\UserRepository.h">
      <Filter>db</Filter>
    </ClInclude>
    <ClInclude Include="shared\protocol\Message.h">
      <Filter>protocol</Filter>
    </ClInclude>
    <ClInclude Include="shared\protocol\MessageCodec.h">
      <Filter>protocol</Filter>
    </ClInclude>
    <ClInclude Include="shared\protocol\GameSnapshotCodec.h">
      <Filter>protocol</Filter>
    </ClInclude>
    <ClInclude Include="shared\protocol\MoveEntry.h">
      <Filter>protocol</Filter>
    </ClInclude>
    <ClInclude Include="shared\protocol\MoveLogCodec.h">
      <Filter>protocol</Filter>
    </ClInclude>
    <ClInclude Include="shared\protocol\CaptureEvent.h">
      <Filter>protocol</Filter>
    </ClInclude>
    <ClInclude Include="shared\protocol\CaptureEventCodec.h">
      <Filter>protocol</Filter>
    </ClInclude>
    <ClInclude Include="shared\bus\EventBus.h">
      <Filter>bus</Filter>
    </ClInclude>
    <ClInclude Include="shared\input\ClickResolver.h">
      <Filter>input</Filter>
    </ClInclude>
    <ClInclude Include="shared\engine\GameSnapshot.h">
      <Filter>Header Files</Filter>
    </ClInclude>
    <ClInclude Include="server\realtime\CaptureObserver.h">
      <Filter>Header Files</Filter>
    </ClInclude>
    <ClInclude Include="server\realtime\MoveObserver.h">
      <Filter>Header Files</Filter>
    </ClInclude>
    <ClInclude Include="client\view\assets\AnimationConfig.h">
      <Filter>Header Files</Filter>
    </ClInclude>
    <ClInclude Include="ThirdParty\sqlite3.h">
      <Filter>ThirdParty</Filter>
    </ClInclude>
    <ClInclude Include="ThirdParty\sqlite3ext.h">
      <Filter>ThirdParty</Filter>
    </ClInclude>
    <ClInclude Include="server\rules\BishopRules.h">
      <Filter>Header Files</Filter>
    </ClInclude>
    <ClInclude Include="server\rules\KingRules.h">
      <Filter>Header Files</Filter>
    </ClInclude>
    <ClInclude Include="server\rules\KnightRules.h">
      <Filter>Header Files</Filter>
    </ClInclude>
    <ClInclude Include="server\rules\PawnRules.h">
      <Filter>Header Files</Filter>
    </ClInclude>
    <ClInclude Include="server\rules\PieceRules.h">
      <Filter>Header Files</Filter>
    </ClInclude>
    <ClInclude Include="server\rules\QueenRules.h">
      <Filter>Header Files</Filter>
    </ClInclude>
    <ClInclude Include="server\rules\RookRules.h">
      <Filter>Header Files</Filter>
    </ClInclude>
    <ClInclude Include="server\rules\SlidingPieceRules.h">
      <Filter>Header Files</Filter>
    </ClInclude>
    <ClInclude Include="client\input\Controller.h">
      <Filter>Header Files</Filter>
    </ClInclude>
    <ClInclude Include="server\app\logic\Command.h">
      <Filter>app\logic</Filter>
    </ClInclude>
    <ClInclude Include="server\app\logic\MoveCommand.h">
      <Filter>app\logic</Filter>
    </ClInclude>
    <ClInclude Include="server\app\logic\JumpCommand.h">
      <Filter>app\logic</Filter>
    </ClInclude>
    <ClInclude Include="client\input\BoardMapper.h">
      <Filter>Header Files</Filter>
    </ClInclude>
    <ClInclude Include="server\rules\rule_engine.h">
      <Filter>Header Files</Filter>
    </ClInclude>
    <ClInclude Include="server\rules\MoveValidation.h">
      <Filter>Header Files</Filter>
    </ClInclude>
    <ClInclude Include="server\realtime\Motion.h">
      <Filter>Header Files</Filter>
    </ClInclude>
    <ClInclude Include="server\realtime\MotionPath.h">
      <Filter>Header Files</Filter>
    </ClInclude>
    <ClInclude Include="server\realtime\CollisionResolver.h">
      <Filter>Header Files</Filter>
    </ClInclude>
    <ClInclude Include="server\realtime\ArrivalResolver.h">
      <Filter>Header Files</Filter>
    </ClInclude>
    <ClInclude Include="server\realtime\RestDurations.h">
      <Filter>Header Files</Filter>
    </ClInclude>
    <ClInclude Include="server\realtime\RealTimeArbiter.h">
      <Filter>Header Files</Filter>
    </ClInclude>
    <ClInclude Include="shared\model\GameState.h">
      <Filter>Header Files</Filter>
    </ClInclude>
    <ClInclude Include="server\engine\GameEngine.h">
      <Filter>Header Files</Filter>
    </ClInclude>
    <ClInclude Include="server\engine\ScoreObserver.h">
      <Filter>Header Files</Filter>
    </ClInclude>
    <ClInclude Include="server\engine\MoveLogObserver.h">
      <Filter>Header Files</Filter>
    </ClInclude>
    <ClInclude Include="server\engine\CaptureEventObserver.h">
      <Filter>Header Files</Filter>
    </ClInclude>
    <ClInclude Include="server\engine\MoveResult.h">
      <Filter>Header Files</Filter>
    </ClInclude>
    <ClInclude Include="server\io\BoardParser.h">
      <Filter>Header Files</Filter>
    </ClInclude>
    <ClInclude Include="server\io\BoardPrinter.h">
      <Filter>Header Files</Filter>
    </ClInclude>
    <ClInclude Include="client\view\ImageView.h">
      <Filter>Header Files</Filter>
    </ClInclude>
    <ClInclude Include="client\view\ViewConfig.h">
      <Filter>Header Files</Filter>
    </ClInclude>
    <ClInclude Include="client\view\assets\AnimationFrameSelector.h">
      <Filter>Header Files</Filter>
    </ClInclude>
    <ClInclude Include="client\view\assets\AssetsRootConfig.h">
      <Filter>Header Files</Filter>
    </ClInclude>
    <ClInclude Include="client\view\assets\AssetPathBuilder.h">
      <Filter>Header Files</Filter>
    </ClInclude>
    <ClInclude Include="client\view\assets\IImageLoader.h">
      <Filter>Header Files</Filter>
    </ClInclude>
    <ClInclude Include="client\view\assets\FileImageLoader.h">
      <Filter>Header Files</Filter>
    </ClInclude>
    <ClInclude Include="client\view\assets\CachingImageLoader.h">
      <Filter>Header Files</Filter>
    </ClInclude>
    <ClInclude Include="client\view\assets\ISpriteSource.h">
      <Filter>Header Files</Filter>
    </ClInclude>
    <ClInclude Include="client\view\assets\SpriteRepository.h">
      <Filter>Header Files</Filter>
    </ClInclude>
    <ClInclude Include="client\view\Renderer.h">
      <Filter>Header Files</Filter>
    </ClInclude>
    <ClInclude Include="texttests\ScriptCommand.h">
      <Filter>texttests</Filter>
    </ClInclude>
    <ClInclude Include="texttests\ScriptParser.h">
      <Filter>texttests</Filter>
    </ClInclude>
    <ClInclude Include="texttests\ScriptResult.h">
      <Filter>texttests</Filter>
    </ClInclude>
    <ClInclude Include="texttests\ScriptRunner.h">
      <Filter>texttests</Filter>
    </ClInclude>
  </ItemGroup>
</Project>