<?xml version="1.0" encoding="utf-8"?>
<Project ToolsVersion="4.0" xmlns="http://schemas.microsoft.com/developer/msbuild/2003">
  <ItemGroup>
    <Filter Include="Source Files">
      <UniqueIdentifier>{4FC737F1-C7A5-4376-A066-2A32D752A2FF}</UniqueIdentifier>
      <Extensions>cpp;c;cc;cxx;c++;cppm;ixx;def;odl;idl;hpj;bat;asm;asmx</Extensions>
    </Filter>
    <Filter Include="Header Files">
      <UniqueIdentifier>{93995380-89BD-4b04-88EB-625FBE52EBFB}</UniqueIdentifier>
      <Extensions>h;hh;hpp;hxx;h++;hm;inl;inc;ipp;xsd</Extensions>
    </Filter>
    <Filter Include="Resource Files">
      <UniqueIdentifier>{67DA6AB6-F800-4c08-8B7A-83BB121AAD01}</UniqueIdentifier>
      <Extensions>rc;ico;cur;bmp;dlg;rc2;rct;bin;rgs;gif;jpg;jpeg;jpe;resx;tiff;tif;png;wav;mfcribbon-ms</Extensions>
    </Filter>
    <Filter Include="model">
      <UniqueIdentifier>{9f5bff26-1174-4f96-b181-77b8f2f59f77}</UniqueIdentifier>
    </Filter>
  </ItemGroup>
  <ItemGroup>
    <ClCompile Include="Kung_Fu_Chess.cpp">
      <Filter>Source Files</Filter>
    </ClCompile>
    <ClCompile Include="model\board.c">
      <Filter>model</Filter>
    </ClCompile>
    <ClCompile Include="model\piece.c">
      <Filter>model</Filter>
    </ClCompile>
    <ClCompile Include="model\position.c">
      <Filter>model</Filter>
    </ClCompile>
    <ClCompile Include="test_position.cpp">
      <Filter>model</Filter>
    </ClCompile>
  </ItemGroup>
  <ItemGroup>
    <ClInclude Include="model\board.h">
      <Filter>model</Filter>
    </ClInclude>
    <ClInclude Include="model\piece.h">
      <Filter>model</Filter>
    </ClInclude>
    <ClInclude Include="model\position.h">
      <Filter>model</Filter>
    </ClInclude>
    <ClInclude Include="doctest.h">
      <Filter>Header Files</Filter>
    </ClInclude>
  </ItemGroup>
</Project>